
Microsoft Visual Studio Solution File, Format Version 12.00
# Visual Studio Version 16
VisualStudioVersion = 16.0.28516.95
MinimumVisualStudioVersion = 10.0.40219.1
Project("{2150E333-8FDC-42A3-9474-1A3956D46DE8}") = "Libraries", "Libraries", "{1388455E-33BE-4CB4-BC61-5A1DC2F84F43}"
EndProject
Project("{9A19103F-16F7-4668-BE54-9A1E7A4F7556}") = "Core", "Libraries\Core\Core.csproj", "{02648C89-FCD9-42DD-86F7-32CBB6D30573}"
EndProject
Project("{9A19103F-16F7-4668-BE54-9A1E7A4F7556}") = "DataAccessClient", "Libraries\DataAccessClient\DataAccessClient.csproj", "{BB0206BD-7A42-4230-9BF1-056110243902}"
EndProject
Global
	GlobalSection(SolutionConfigurationPlatforms) = preSolution
		Debug|Any CPU = Debug|Any CPU
		Release|Any CPU = Release|Any CPU
	EndGlobalSection
	GlobalSection(ProjectConfigurationPlatforms) = postSolution
		{02648C89-FCD9-42DD-86F7-32CBB6D30573}.Debug|Any CPU.ActiveCfg = Debug|Any CPU
		{02648C89-FCD9-42DD-86F7-32CBB6D30573}.Debug|Any CPU.Build.0 = Debug|Any CPU
		{02648C89-FCD9-42DD-86F7-32CBB6D30573}.Release|Any CPU.ActiveCfg = Release|Any CPU
		{02648C89-FCD9-42DD-86F7-32CBB6D30573}.Release|Any CPU.Build.0 = Release|Any CPU
		{BB0206BD-7A42-4230-9BF1-056110243902}.Debug|Any CPU.ActiveCfg = Debug|Any CPU
		{BB0206BD-7A42-4230-9BF1-056110243902}.Debug|Any CPU.Build.0 = Debug|Any CPU
		{BB0206BD-7A42-4230-9BF1-056110243902}.Release|Any CPU.ActiveCfg = Release|Any CPU
		{BB0206BD-7A42-4230-9BF1-056110243902}.Release|Any CPU.Build.0 = Release|Any CPU
	EndGlobalSection
	GlobalSection(SolutionProperties) = preSolution
		HideSolutionNode = FALSE
	EndGlobalSection
	GlobalSection(NestedProjects) = preSolution
		{02648C89-FCD9-42DD-86F7-32CBB6D30573} = {1388455E-33BE-4CB4-BC61-5A1DC2F84F43}
		{BB0206BD-7A42-4230-9BF1-056110243902} = {1388455E-33BE-4CB4-BC61-5A1DC2F84F43}
	EndGlobalSection
	GlobalSection(ExtensibilityGlobals) = postSolution
		SolutionGuid = {1AD2276F-AA83-4488-86CA-695F6EB7C6BB}
	EndGlobalSection
EndGlobal
